
Microsoft Visual Studio Solution File, Format Version 12.00
# Visual Studio Version 17
VisualStudioVersion = 17.3.32819.101
MinimumVisualStudioVersion = 10.0.40219.1
Project("{FAE04EC0-301F-11D3-BF4B-00C04F79EFBC}") = "StringCalculator", "StringCalculator.csproj", "{63443E56-6AA2-406D-B274-F7589AE73C8B}"
EndProject
Project("{FAE04EC0-301F-11D3-BF4B-00C04F79EFBC}") = "StringCalculator.Test", "..\StringCalculator.Test\StringCalculator.Test.csproj", "{CA4F21CE-DA1B-4F0C-B84B-A24771746EE8}"
EndProject
Global
	GlobalSection(SolutionConfigurationPlatforms) = preSolution
		Debug|Any CPU = Debug|Any CPU
		Release|Any CPU = Release|Any CPU
	EndGlobalSection
	GlobalSection(ProjectConfigurationPlatforms) = postSolution
		{63443E56-6AA2-406D-B274-F7589AE73C8B}.Debug|Any CPU.ActiveCfg = Debug|Any CPU
		{63443E56-6AA2-406D-B274-F7589AE73C8B}.Debug|Any CPU.Build.0 = Debug|Any CPU
		{63443E56-6AA2-406D-B274-F7589AE73C8B}.Release|Any CPU.ActiveCfg = Release|Any CPU
		{63443E56-6AA2-406D-B274-F7589AE73C8B}.Release|Any CPU.Build.0 = Release|Any CPU
		{CA4F21CE-DA1B-4F0C-B84B-A24771746EE8}.Debug|Any CPU.ActiveCfg = Debug|Any CPU
		{CA4F21CE-DA1B-4F0C-B84B-A24771746EE8}.Debug|Any CPU.Build.0 = Debug|Any CPU
		{CA4F21CE-DA1B-4F0C-B84B-A24771746EE8}.Release|Any CPU.ActiveCfg = Release|Any CPU
		{CA4F21CE-DA1B-4F0C-B84B-A24771746EE8}.Release|Any CPU.Build.0 = Release|Any CPU
	EndGlobalSection
	GlobalSection(SolutionProperties) = preSolution
		HideSolutionNode = FALSE
	EndGlobalSection
	GlobalSection(ExtensibilityGlobals) = postSolution
		SolutionGuid = {98C5FA02-EA61-474F-957C-AC6BEACA8480}
	EndGlobalSection
EndGlobal
