
Microsoft Visual Studio Solution File, Format Version 12.00
# Visual Studio Version 16
VisualStudioVersion = 16.0.32802.440
MinimumVisualStudioVersion = 10.0.40219.1
Project("{FAE04EC0-301F-11D3-BF4B-00C04F79EFBC}") = "myStack", "myStack\myStack.csproj", "{963FCB99-33B2-4311-B4C4-A1129B516FB3}"
EndProject
Global
	GlobalSection(SolutionConfigurationPlatforms) = preSolution
		Debug|Any CPU = Debug|Any CPU
		Release|Any CPU = Release|Any CPU
	EndGlobalSection
	GlobalSection(ProjectConfigurationPlatforms) = postSolution
		{963FCB99-33B2-4311-B4C4-A1129B516FB3}.Debug|Any CPU.ActiveCfg = Debug|Any CPU
		{963FCB99-33B2-4311-B4C4-A1129B516FB3}.Debug|Any CPU.Build.0 = Debug|Any CPU
		{963FCB99-33B2-4311-B4C4-A1129B516FB3}.Release|Any CPU.ActiveCfg = Release|Any CPU
		{963FCB99-33B2-4311-B4C4-A1129B516FB3}.Release|Any CPU.Build.0 = Release|Any CPU
	EndGlobalSection
	GlobalSection(SolutionProperties) = preSolution
		HideSolutionNode = FALSE
	EndGlobalSection
	GlobalSection(ExtensibilityGlobals) = postSolution
		SolutionGuid = {9248B1A4-139F-49C8-BEB7-76917E377A4B}
	EndGlobalSection
EndGlobal
